// !$*UTF8*$!
{
	archiveVersion = 1;
	classes = {
	};
	objectVersion = 56;
	objects = {

/* Begin PBXBuildFile section */
		7D4853BB2DB2309B007DEAE9 /* WineApp.swift in Sources */ = {isa = PBXBuildFile; fileRef = 7D4853BA2DB2309B007DEAE9 /* WineApp.swift */; };
		7D4853BF2DB2309D007DEAE9 /* Assets.xcassets in Resources */ = {isa = PBXBuildFile; fileRef = 7D4853BE2DB2309D007DEAE9 /* Assets.xcassets */; };
		7D4853C22DB2309D007DEAE9 /* Preview Assets.xcassets in Resources */ = {isa = PBXBuildFile; fileRef = 7D4853C12DB2309D007DEAE9 /* Preview Assets.xcassets */; };
		7D4853CC2DB2309D007DEAE9 /* WineTests.swift in Sources */ = {isa = PBXBuildFile; fileRef = 7D4853CB2DB2309D007DEAE9 /* WineTests.swift */; };
		7D4853D62DB2309D007DEAE9 /* WineUITests.swift in Sources */ = {isa = PBXBuildFile; fileRef = 7D4853D52DB2309D007DEAE9 /* WineUITests.swift */; };
		7D4853D82DB2309D007DEAE9 /* WineUITestsLaunchTests.swift in Sources */ = {isa = PBXBuildFile; fileRef = 7D4853D72DB2309D007DEAE9 /* WineUITestsLaunchTests.swift */; };
		7D48542F2DB24A45007DEAE9 /* Wine.swift in Sources */ = {isa = PBXBuildFile; fileRef = 7D48542E2DB24A45007DEAE9 /* Wine.swift */; };
		7D4854312DB24A5C007DEAE9 /* WineAPIService.swift in Sources */ = {isa = PBXBuildFile; fileRef = 7D4854302DB24A5C007DEAE9 /* WineAPIService.swift */; };
		7D4854332DB24A7B007DEAE9 /* WineListView.swift in Sources */ = {isa = PBXBuildFile; fileRef = 7D4854322DB24A7B007DEAE9 /* WineListView.swift */; };
		7D4854352DB24A8C007DEAE9 /* ContentView.swift in Sources */ = {isa = PBXBuildFile; fileRef = 7D4854342DB24A8C007DEAE9 /* ContentView.swift */; };
/* End PBXBuildFile section */

/* Begin PBXContainerItemProxy section */
		7D4853C82DB2309D007DEAE9 /* PBXContainerItemProxy */ = {
			isa = PBXContainerItemProxy;
			containerPortal = 7D4853AF2DB2309B007DEAE9 /* Project object */;
			proxyType = 1;
			remoteGlobalIDString = 7D4853B62DB2309B007DEAE9;
			remoteInfo = Wine;
		};
		7D4853D22DB2309D007DEAE9 /* PBXContainerItemProxy */ = {
			isa = PBXContainerItemProxy;
			containerPortal = 7D4853AF2DB2309B007DEAE9 /* Project object */;
			proxyType = 1;
			remoteGlobalIDString = 7D4853B62DB2309B007DEAE9;
			remoteInfo = Wine;
		};
/* End PBXContainerItemProxy section */

/* Begin PBXFileReference section */
		7D4853B72DB2309B007DEAE9 /* Wine.app */ = {isa = PBXFileReference; explicitFileType = wrapper.application; includeInIndex = 0; path = Wine.app; sourceTree = BUILT_PRODUCTS_DIR; };
		7D4853BA2DB2309B007DEAE9 /* WineApp.swift */ = {isa = PBXFileReference; lastKnownFileType = sourcecode.swift; path = WineApp.swift; sourceTree = "<group>"; };
		7D4853BE2DB2309D007DEAE9 /* Assets.xcassets */ = {isa = PBXFileReference; lastKnownFileType = folder.assetcatalog; path = Assets.xcassets; sourceTree = "<group>"; };
		7D4853C12DB2309D007DEAE9 /* Preview Assets.xcassets */ = {isa = PBXFileReference; lastKnownFileType = folder.assetcatalog; path = "Preview Assets.xcassets"; sourceTree = "<group>"; };
		7D4853C72DB2309D007DEAE9 /* WineTests.xctest */ = {isa = PBXFileReference; explicitFileType = wrapper.cfbundle; includeInIndex = 0; path = WineTests.xctest; sourceTree = BUILT_PRODUCTS_DIR; };
		7D4853CB2DB2309D007DEAE9 /* WineTests.swift */ = {isa = PBXFileReference; lastKnownFileType = sourcecode.swift; path = WineTests.swift; sourceTree = "<group>"; };
		7D4853D12DB2309D007DEAE9 /* WineUITests.xctest */ = {isa = PBXFileReference; explicitFileType = wrapper.cfbundle; includeInIndex = 0; path = WineUITests.xctest; sourceTree = BUILT_PRODUCTS_DIR; };
		7D4853D52DB2309D007DEAE9 /* WineUITests.swift */ = {isa = PBXFileReference; lastKnownFileType = sourcecode.swift; path = WineUITests.swift; sourceTree = "<group>"; };
		7D4853D72DB2309D007DEAE9 /* WineUITestsLaunchTests.swift */ = {isa = PBXFileReference; lastKnownFileType = sourcecode.swift; path = WineUITestsLaunchTests.swift; sourceTree = "<group>"; };
		7D48542E2DB24A45007DEAE9 /* Wine.swift */ = {isa = PBXFileReference; lastKnownFileType = sourcecode.swift; path = Wine.swift; sourceTree = "<group>"; };
		7D4854302DB24A5C007DEAE9 /* WineAPIService.swift */ = {isa = PBXFileReference; lastKnownFileType = sourcecode.swift; path = WineAPIService.swift; sourceTree = "<group>"; };
		7D4854322DB24A7B007DEAE9 /* WineListView.swift */ = {isa = PBXFileReference; lastKnownFileType = sourcecode.swift; path = WineListView.swift; sourceTree = "<group>"; };
		7D4854342DB24A8C007DEAE9 /* ContentView.swift */ = {isa = PBXFileReference; lastKnownFileType = sourcecode.swift; path = ContentView.swift; sourceTree = "<group>"; };
/* End PBXFileReference section */

/* Begin PBXFrameworksBuildPhase section */
		7D4853B42DB2309B007DEAE9 /* Frameworks */ = {
			isa = PBXFrameworksBuildPhase;
			buildActionMask = 2147483647;
			files = (
			);
			runOnlyForDeploymentPostprocessing = 0;
		};
		7D4853C42DB2309D007DEAE9 /* Frameworks */ = {
			isa = PBXFrameworksBuildPhase;
			buildActionMask = 2147483647;
			files = (
			);
			runOnlyForDeploymentPostprocessing = 0;
		};
		7D4853CE2DB2309D007DEAE9 /* Frameworks */ = {
			isa = PBXFrameworksBuildPhase;
			buildActionMask = 2147483647;
			files = (
			);
			runOnlyForDeploymentPostprocessing = 0;
		};
/* End PBXFrameworksBuildPhase section */

/* Begin PBXGroup section */
		7D4853AE2DB2309B007DEAE9 = {
			isa = PBXGroup;
			children = (
				7D4853B92DB2309B007DEAE9 /* Wine */,
				7D4853CA2DB2309D007DEAE9 /* WineTests */,
				7D4853D42DB2309D007DEAE9 /* WineUITests */,
				7D4853B82DB2309B007DEAE9 /* Products */,
			);
			sourceTree = "<group>";
		};
		7D4853B82DB2309B007DEAE9 /* Products */ = {
			isa = PBXGroup;
			children = (
				7D4853B72DB2309B007DEAE9 /* Wine.app */,
				7D4853C72DB2309D007DEAE9 /* WineTests.xctest */,
				7D4853D12DB2309D007DEAE9 /* WineUITests.xctest */,
			);
			name = Products;
			sourceTree = "<group>";
		};
		7D4853B92DB2309B007DEAE9 /* Wine */ = {
			isa = PBXGroup;
			children = (
				7D48542B2DB24281007DEAE9 /* ViewModel */,
				7D48541C2DB23FAA007DEAE9 /* Controller */,
				7D4853E62DB230C7007DEAE9 /* View */,
				7D4853E52DB230BB007DEAE9 /* Service */,
				7D4853E42DB230B1007DEAE9 /* Model */,
				7D4853BA2DB2309B007DEAE9 /* WineApp.swift */,
				7D4853BE2DB2309D007DEAE9 /* Assets.xcassets */,
				7D4853C02DB2309D007DEAE9 /* Preview Content */,
			);
			path = Wine;
			sourceTree = "<group>";
		};
		7D4853C02DB2309D007DEAE9 /* Preview Content */ = {
			isa = PBXGroup;
			children = (
				7D4853C12DB2309D007DEAE9 /* Preview Assets.xcassets */,
			);
			path = "Preview Content";
			sourceTree = "<group>";
		};
		7D4853CA2DB2309D007DEAE9 /* WineTests */ = {
			isa = PBXGroup;
			children = (
				7D4853CB2DB2309D007DEAE9 /* WineTests.swift */,
			);
			path = WineTests;
			sourceTree = "<group>";
		};
		7D4853D42DB2309D007DEAE9 /* WineUITests */ = {
			isa = PBXGroup;
			children = (
				7D4853D52DB2309D007DEAE9 /* WineUITests.swift */,
				7D4853D72DB2309D007DEAE9 /* WineUITestsLaunchTests.swift */,
			);
			path = WineUITests;
			sourceTree = "<group>";
		};
		7D4853E42DB230B1007DEAE9 /* Model */ = {
			isa = PBXGroup;
			children = (
				7D48542E2DB24A45007DEAE9 /* Wine.swift */,
			);
			path = Model;
			sourceTree = "<group>";
		};
		7D4853E52DB230BB007DEAE9 /* Service */ = {
			isa = PBXGroup;
			children = (
				7D4854302DB24A5C007DEAE9 /* WineAPIService.swift */,
			);
			path = Service;
			sourceTree = "<group>";
		};
		7D4853E62DB230C7007DEAE9 /* View */ = {
			isa = PBXGroup;
			children = (
				7D4854322DB24A7B007DEAE9 /* WineListView.swift */,
				7D4854342DB24A8C007DEAE9 /* ContentView.swift */,
			);
			path = View;
			sourceTree = "<group>";
		};
		7D48541C2DB23FAA007DEAE9 /* Controller */ = {
			isa = PBXGroup;
			children = (
			);
			path = Controller;
			sourceTree = "<group>";
		};
		7D48542B2DB24281007DEAE9 /* ViewModel */ = {
			isa = PBXGroup;
			children = (
			);
			path = ViewModel;
			sourceTree = "<group>";
		};
/* End PBXGroup section */

/* Begin PBXNativeTarget section */
		7D4853B62DB2309B007DEAE9 /* Wine */ = {
			isa = PBXNativeTarget;
			buildConfigurationList = 7D4853DB2DB2309D007DEAE9 /* Build configuration list for PBXNativeTarget "Wine" */;
			buildPhases = (
				7D4853B32DB2309B007DEAE9 /* Sources */,
				7D4853B42DB2309B007DEAE9 /* Frameworks */,
				7D4853B52DB2309B007DEAE9 /* Resources */,
			);
			buildRules = (
			);
			dependencies = (
			);
			name = Wine;
			productName = Wine;
			productReference = 7D4853B72DB2309B007DEAE9 /* Wine.app */;
			productType = "com.apple.product-type.application";
		};
		7D4853C62DB2309D007DEAE9 /* WineTests */ = {
			isa = PBXNativeTarget;
			buildConfigurationList = 7D4853DE2DB2309D007DEAE9 /* Build configuration list for PBXNativeTarget "WineTests" */;
			buildPhases = (
				7D4853C32DB2309D007DEAE9 /* Sources */,
				7D4853C42DB2309D007DEAE9 /* Frameworks */,
				7D4853C52DB2309D007DEAE9 /* Resources */,
			);
			buildRules = (
			);
			dependencies = (
				7D4853C92DB2309D007DEAE9 /* PBXTargetDependency */,
			);
			name = WineTests;
			productName = WineTests;
			productReference = 7D4853C72DB2309D007DEAE9 /* WineTests.xctest */;
			productType = "com.apple.product-type.bundle.unit-test";
		};
		7D4853D02DB2309D007DEAE9 /* WineUITests */ = {
			isa = PBXNativeTarget;
			buildConfigurationList = 7D4853E12DB2309D007DEAE9 /* Build configuration list for PBXNativeTarget "WineUITests" */;
			buildPhases = (
				7D4853CD2DB2309D007DEAE9 /* Sources */,
				7D4853CE2DB2309D007DEAE9 /* Frameworks */,
				7D4853CF2DB2309D007DEAE9 /* Resources */,
			);
			buildRules = (
			);
			dependencies = (
				7D4853D32DB2309D007DEAE9 /* PBXTargetDependency */,
			);
			name = WineUITests;
			productName = WineUITests;
			productReference = 7D4853D12DB2309D007DEAE9 /* WineUITests.xctest */;
			productType = "com.apple.product-type.bundle.ui-testing";
		};
/* End PBXNativeTarget section */

/* Begin PBXProject section */
		7D4853AF2DB2309B007DEAE9 /* Project object */ = {
			isa = PBXProject;
			attributes = {
				BuildIndependentTargetsInParallel = 1;
				LastSwiftUpdateCheck = 1530;
				LastUpgradeCheck = 1530;
				TargetAttributes = {
					7D4853B62DB2309B007DEAE9 = {
						CreatedOnToolsVersion = 15.3;
					};
					7D4853C62DB2309D007DEAE9 = {
						CreatedOnToolsVersion = 15.3;
						TestTargetID = 7D4853B62DB2309B007DEAE9;
					};
					7D4853D02DB2309D007DEAE9 = {
						CreatedOnToolsVersion = 15.3;
						TestTargetID = 7D4853B62DB2309B007DEAE9;
					};
				};
			};
			buildConfigurationList = 7D4853B22DB2309B007DEAE9 /* Build configuration list for PBXProject "Wine" */;
			compatibilityVersion = "Xcode 14.0";
			developmentRegion = en;
			hasScannedForEncodings = 0;
			knownRegions = (
				en,
				Base,
			);
			mainGroup = 7D4853AE2DB2309B007DEAE9;
			productRefGroup = 7D4853B82DB2309B007DEAE9 /* Products */;
			projectDirPath = "";
			projectRoot = "";
			targets = (
				7D4853B62DB2309B007DEAE9 /* Wine */,
				7D4853C62DB2309D007DEAE9 /* WineTests */,
				7D4853D02DB2309D007DEAE9 /* WineUITests */,
			);
		};
/* End PBXProject section */

/* Begin PBXResourcesBuildPhase section */
		7D4853B52DB2309B007DEAE9 /* Resources */ = {
			isa = PBXResourcesBuildPhase;
			buildActionMask = 2147483647;
			files = (
				7D4853C22DB2309D007DEAE9 /* Preview Assets.xcassets in Resources */,
				7D4853BF2DB2309D007DEAE9 /* Assets.xcassets in Resources */,
			);
			runOnlyForDeploymentPostprocessing = 0;
		};
		7D4853C52DB2309D007DEAE9 /* Resources */ = {
			isa = PBXResourcesBuildPhase;
			buildActionMask = 2147483647;
			files = (
			);
			runOnlyForDeploymentPostprocessing = 0;
		};
		7D4853CF2DB2309D007DEAE9 /* Resources */ = {
			isa = PBXResourcesBuildPhase;
			buildActionMask = 2147483647;
			files = (
			);
			runOnlyForDeploymentPostprocessing = 0;
		};
/* End PBXResourcesBuildPhase section */

/* Begin PBXSourcesBuildPhase section */
		7D4853B32DB2309B007DEAE9 /* Sources */ = {
			isa = PBXSourcesBuildPhase;
			buildActionMask = 2147483647;
			files = (
				7D4854312DB24A5C007DEAE9 /* WineAPIService.swift in Sources */,
				7D4854352DB24A8C007DEAE9 /* ContentView.swift in Sources */,
				7D4853BB2DB2309B007DEAE9 /* WineApp.swift in Sources */,
				7D48542F2DB24A45007DEAE9 /* Wine.swift in Sources */,
				7D4854332DB24A7B007DEAE9 /* WineListView.swift in Sources */,
			);
			runOnlyForDeploymentPostprocessing = 0;
		};
		7D4853C32DB2309D007DEAE9 /* Sources */ = {
			isa = PBXSourcesBuildPhase;
			buildActionMask = 2147483647;
			files = (
				7D4853CC2DB2309D007DEAE9 /* WineTests.swift in Sources */,
			);
			runOnlyForDeploymentPostprocessing = 0;
		};
		7D4853CD2DB2309D007DEAE9 /* Sources */ = {
			isa = PBXSourcesBuildPhase;
			buildActionMask = 2147483647;
			files = (
				7D4853D62DB2309D007DEAE9 /* WineUITests.swift in Sources */,
				7D4853D82DB2309D007DEAE9 /* WineUITestsLaunchTests.swift in Sources */,
			);
			runOnlyForDeploymentPostprocessing = 0;
		};
/* End PBXSourcesBuildPhase section */

/* Begin PBXTargetDependency section */
		7D4853C92DB2309D007DEAE9 /* PBXTargetDependency */ = {
			isa = PBXTargetDependency;
			target = 7D4853B62DB2309B007DEAE9 /* Wine */;
			targetProxy = 7D4853C82DB2309D007DEAE9 /* PBXContainerItemProxy */;
		};
		7D4853D32DB2309D007DEAE9 /* PBXTargetDependency */ = {
			isa = PBXTargetDependency;
			target = 7D4853B62DB2309B007DEAE9 /* Wine */;
			targetProxy = 7D4853D22DB2309D007DEAE9 /* PBXContainerItemProxy */;
		};
/* End PBXTargetDependency section */

/* Begin XCBuildConfiguration section */
		7D4853D92DB2309D007DEAE9 /* Debug */ = {
			isa = XCBuildConfiguration;
			buildSettings = {
				ALWAYS_SEARCH_USER_PATHS = NO;
				ASSETCATALOG_COMPILER_GENERATE_SWIFT_ASSET_SYMBOL_EXTENSIONS = YES;
				CLANG_ANALYZER_NONNULL = YES;
				CLANG_ANALYZER_NUMBER_OBJECT_CONVERSION = YES_AGGRESSIVE;
				CLANG_CXX_LANGUAGE_STANDARD = "gnu++20";
				CLANG_ENABLE_MODULES = YES;
				CLANG_ENABLE_OBJC_ARC = YES;
				CLANG_ENABLE_OBJC_WEAK = YES;
				CLANG_WARN_BLOCK_CAPTURE_AUTORELEASING = YES;
				CLANG_WARN_BOOL_CONVERSION = YES;
				CLANG_WARN_COMMA = YES;
				CLANG_WARN_CONSTANT_CONVERSION = YES;
				CLANG_WARN_DEPRECATED_OBJC_IMPLEMENTATIONS = YES;
				CLANG_WARN_DIRECT_OBJC_ISA_USAGE = YES_ERROR;
				CLANG_WARN_DOCUMENTATION_COMMENTS = YES;
				CLANG_WARN_EMPTY_BODY = YES;
				CLANG_WARN_ENUM_CONVERSION = YES;
				CLANG_WARN_INFINITE_RECURSION = YES;
				CLANG_WARN_INT_CONVERSION = YES;
				CLANG_WARN_NON_LITERAL_NULL_CONVERSION = YES;
				CLANG_WARN_OBJC_IMPLICIT_RETAIN_SELF = YES;
				CLANG_WARN_OBJC_LITERAL_CONVERSION = YES;
				CLANG_WARN_OBJC_ROOT_CLASS = YES_ERROR;
				CLANG_WARN_QUOTED_INCLUDE_IN_FRAMEWORK_HEADER = YES;
				CLANG_WARN_RANGE_LOOP_ANALYSIS = YES;
				CLANG_WARN_STRICT_PROTOTYPES = YES;
				CLANG_WARN_SUSPICIOUS_MOVE = YES;
				CLANG_WARN_UNGUARDED_AVAILABILITY = YES_AGGRESSIVE;
				CLANG_WARN_UNREACHABLE_CODE = YES;
				CLANG_WARN__DUPLICATE_METHOD_MATCH = YES;
				COPY_PHASE_STRIP = NO;
				DEBUG_INFORMATION_FORMAT = dwarf;
				ENABLE_STRICT_OBJC_MSGSEND = YES;
				ENABLE_TESTABILITY = YES;
				ENABLE_USER_SCRIPT_SANDBOXING = YES;
				GCC_C_LANGUAGE_STANDARD = gnu17;
				GCC_DYNAMIC_NO_PIC = NO;
				GCC_NO_COMMON_BLOCKS = YES;
				GCC_OPTIMIZATION_LEVEL = 0;
				GCC_PREPROCESSOR_DEFINITIONS = (
					"DEBUG=1",
					"$(inherited)",
				);
				GCC_WARN_64_TO_32_BIT_CONVERSION = YES;
				GCC_WARN_ABOUT_RETURN_TYPE = YES_ERROR;
				GCC_WARN_UNDECLARED_SELECTOR = YES;
				GCC_WARN_UNINITIALIZED_AUTOS = YES_AGGRESSIVE;
				GCC_WARN_UNUSED_FUNCTION = YES;
				GCC_WARN_UNUSED_VARIABLE = YES;
				IPHONEOS_DEPLOYMENT_TARGET = 17.4;
				LOCALIZATION_PREFERS_STRING_CATALOGS = YES;
				MTL_ENABLE_DEBUG_INFO = INCLUDE_SOURCE;
				MTL_FAST_MATH = YES;
				ONLY_ACTIVE_ARCH = YES;
				SDKROOT = iphoneos;
				SWIFT_ACTIVE_COMPILATION_CONDITIONS = "DEBUG $(inherited)";
				SWIFT_OPTIMIZATION_LEVEL = "-Onone";
			};
			name = Debug;
		};
		7D4853DA2DB2309D007DEAE9 /* Release */ = {
			isa = XCBuildConfiguration;
			buildSettings = {
				ALWAYS_SEARCH_USER_PATHS = NO;
				ASSETCATALOG_COMPILER_GENERATE_SWIFT_ASSET_SYMBOL_EXTENSIONS = YES;
				CLANG_ANALYZER_NONNULL = YES;
				CLANG_ANALYZER_NUMBER_OBJECT_CONVERSION = YES_AGGRESSIVE;
				CLANG_CXX_LANGUAGE_STANDARD = "gnu++20";
				CLANG_ENABLE_MODULES = YES;
				CLANG_ENABLE_OBJC_ARC = YES;
				CLANG_ENABLE_OBJC_WEAK = YES;
				CLANG_WARN_BLOCK_CAPTURE_AUTORELEASING = YES;
				CLANG_WARN_BOOL_CONVERSION = YES;
				CLANG_WARN_COMMA = YES;
				CLANG_WARN_CONSTANT_CONVERSION = YES;
				CLANG_WARN_DEPRECATED_OBJC_IMPLEMENTATIONS = YES;
				CLANG_WARN_DIRECT_OBJC_ISA_USAGE = YES_ERROR;
				CLANG_WARN_DOCUMENTATION_COMMENTS = YES;
				CLANG_WARN_EMPTY_BODY = YES;
				CLANG_WARN_ENUM_CONVERSION = YES;
				CLANG_WARN_INFINITE_RECURSION = YES;
				CLANG_WARN_INT_CONVERSION = YES;
				CLANG_WARN_NON_LITERAL_NULL_CONVERSION = YES;
				CLANG_WARN_OBJC_IMPLICIT_RETAIN_SELF = YES;
				CLANG_WARN_OBJC_LITERAL_CONVERSION = YES;
				CLANG_WARN_OBJC_ROOT_CLASS = YES_ERROR;
				CLANG_WARN_QUOTED_INCLUDE_IN_FRAMEWORK_HEADER = YES;
				CLANG_WARN_RANGE_LOOP_ANALYSIS = YES;
				CLANG_WARN_STRICT_PROTOTYPES = YES;
				CLANG_WARN_SUSPICIOUS_MOVE = YES;
				CLANG_WARN_UNGUARDED_AVAILABILITY = YES_AGGRESSIVE;
				CLANG_WARN_UNREACHABLE_CODE = YES;
				CLANG_WARN__DUPLICATE_METHOD_MATCH = YES;
				COPY_PHASE_STRIP = NO;
				DEBUG_INFORMATION_FORMAT = "dwarf-with-dsym";
				ENABLE_NS_ASSERTIONS = NO;
				ENABLE_STRICT_OBJC_MSGSEND = YES;
				ENABLE_USER_SCRIPT_SANDBOXING = YES;
				GCC_C_LANGUAGE_STANDARD = gnu17;
				GCC_NO_COMMON_BLOCKS = YES;
				GCC_WARN_64_TO_32_BIT_CONVERSION = YES;
				GCC_WARN_ABOUT_RETURN_TYPE = YES_ERROR;
				GCC_WARN_UNDECLARED_SELECTOR = YES;
				GCC_WARN_UNINITIALIZED_AUTOS = YES_AGGRESSIVE;
				GCC_WARN_UNUSED_FUNCTION = YES;
				GCC_WARN_UNUSED_VARIABLE = YES;
				IPHONEOS_DEPLOYMENT_TARGET = 17.4;
				LOCALIZATION_PREFERS_STRING_CATALOGS = YES;
				MTL_ENABLE_DEBUG_INFO = NO;
				MTL_FAST_MATH = YES;
				SDKROOT = iphoneos;
				SWIFT_COMPILATION_MODE = wholemodule;
				VALIDATE_PRODUCT = YES;
			};
			name = Release;
		};
		7D4853DC2DB2309D007DEAE9 /* Debug */ = {
			isa = XCBuildConfiguration;
			buildSettings = {
				ASSETCATALOG_COMPILER_APPICON_NAME = AppIcon;
				ASSETCATALOG_COMPILER_GLOBAL_ACCENT_COLOR_NAME = AccentColor;
				CODE_SIGN_STYLE = Automatic;
				CURRENT_PROJECT_VERSION = 1;
				DEVELOPMENT_ASSET_PATHS = "\"Wine/Preview Content\"";
				ENABLE_PREVIEWS = YES;
				GENERATE_INFOPLIST_FILE = YES;
				INFOPLIST_KEY_UIApplicationSceneManifest_Generation = YES;
				INFOPLIST_KEY_UIApplicationSupportsIndirectInputEvents = YES;
				INFOPLIST_KEY_UILaunchScreen_Generation = YES;
				INFOPLIST_KEY_UISupportedInterfaceOrientations_iPad = "UIInterfaceOrientationPortrait UIInterfaceOrientationPortraitUpsideDown UIInterfaceOrientationLandscapeLeft UIInterfaceOrientationLandscapeRight";
				INFOPLIST_KEY_UISupportedInterfaceOrientations_iPhone = "UIInterfaceOrientationPortrait UIInterfaceOrientationLandscapeLeft UIInterfaceOrientationLandscapeRight";
				LD_RUNPATH_SEARCH_PATHS = (
					"$(inherited)",
					"@executable_path/Frameworks",
				);
				MARKETING_VERSION = 1.0;
				PRODUCT_BUNDLE_IDENTIFIER = com.cfa.Wine;
				PRODUCT_NAME = "$(TARGET_NAME)";
				SWIFT_EMIT_LOC_STRINGS = YES;
				SWIFT_VERSION = 5.0;
				TARGETED_DEVICE_FAMILY = "1,2";
			};
			name = Debug;
		};
		7D4853DD2DB2309D007DEAE9 /* Release */ = {
			isa = XCBuildConfiguration;
			buildSettings = {
				ASSETCATALOG_COMPILER_APPICON_NAME = AppIcon;
				ASSETCATALOG_COMPILER_GLOBAL_ACCENT_COLOR_NAME = AccentColor;
				CODE_SIGN_STYLE = Automatic;
				CURRENT_PROJECT_VERSION = 1;
				DEVELOPMENT_ASSET_PATHS = "\"Wine/Preview Content\"";
				ENABLE_PREVIEWS = YES;
				GENERATE_INFOPLIST_FILE = YES;
				INFOPLIST_KEY_UIApplicationSceneManifest_Generation = YES;
				INFOPLIST_KEY_UIApplicationSupportsIndirectInputEvents = YES;
				INFOPLIST_KEY_UILaunchScreen_Generation = YES;
				INFOPLIST_KEY_UISupportedInterfaceOrientations_iPad = "UIInterfaceOrientationPortrait UIInterfaceOrientationPortraitUpsideDown UIInterfaceOrientationLandscapeLeft UIInterfaceOrientationLandscapeRight";
				INFOPLIST_KEY_UISupportedInterfaceOrientations_iPhone = "UIInterfaceOrientationPortrait UIInterfaceOrientationLandscapeLeft UIInterfaceOrientationLandscapeRight";
				LD_RUNPATH_SEARCH_PATHS = (
					"$(inherited)",
					"@executable_path/Frameworks",
				);
				MARKETING_VERSION = 1.0;
				PRODUCT_BUNDLE_IDENTIFIER = com.cfa.Wine;
				PRODUCT_NAME = "$(TARGET_NAME)";
				SWIFT_EMIT_LOC_STRINGS = YES;
				SWIFT_VERSION = 5.0;
				TARGETED_DEVICE_FAMILY = "1,2";
			};
			name = Release;
		};
		7D4853DF2DB2309D007DEAE9 /* Debug */ = {
			isa = XCBuildConfiguration;
			buildSettings = {
				ALWAYS_EMBED_SWIFT_STANDARD_LIBRARIES = YES;
				BUNDLE_LOADER = "$(TEST_HOST)";
				CODE_SIGN_STYLE = Automatic;
				CURRENT_PROJECT_VERSION = 1;
				GENERATE_INFOPLIST_FILE = YES;
				IPHONEOS_DEPLOYMENT_TARGET = 17.4;
				MARKETING_VERSION = 1.0;
				PRODUCT_BUNDLE_IDENTIFIER = com.cfa.WineTests;
				PRODUCT_NAME = "$(TARGET_NAME)";
				SWIFT_EMIT_LOC_STRINGS = NO;
				SWIFT_VERSION = 5.0;
				TARGETED_DEVICE_FAMILY = "1,2";
				TEST_HOST = "$(BUILT_PRODUCTS_DIR)/Wine.app/$(BUNDLE_EXECUTABLE_FOLDER_PATH)/Wine";
			};
			name = Debug;
		};
		7D4853E02DB2309D007DEAE9 /* Release */ = {
			isa = XCBuildConfiguration;
			buildSettings = {
				ALWAYS_EMBED_SWIFT_STANDARD_LIBRARIES = YES;
				BUNDLE_LOADER = "$(TEST_HOST)";
				CODE_SIGN_STYLE = Automatic;
				CURRENT_PROJECT_VERSION = 1;
				GENERATE_INFOPLIST_FILE = YES;
				IPHONEOS_DEPLOYMENT_TARGET = 17.4;
				MARKETING_VERSION = 1.0;
				PRODUCT_BUNDLE_IDENTIFIER = com.cfa.WineTests;
				PRODUCT_NAME = "$(TARGET_NAME)";
				SWIFT_EMIT_LOC_STRINGS = NO;
				SWIFT_VERSION = 5.0;
				TARGETED_DEVICE_FAMILY = "1,2";
				TEST_HOST = "$(BUILT_PRODUCTS_DIR)/Wine.app/$(BUNDLE_EXECUTABLE_FOLDER_PATH)/Wine";
			};
			name = Release;
		};
		7D4853E22DB2309D007DEAE9 /* Debug */ = {
			isa = XCBuildConfiguration;
			buildSettings = {
				ALWAYS_EMBED_SWIFT_STANDARD_LIBRARIES = YES;
				CODE_SIGN_STYLE = Automatic;
				CURRENT_PROJECT_VERSION = 1;
				GENERATE_INFOPLIST_FILE = YES;
				MARKETING_VERSION = 1.0;
				PRODUCT_BUNDLE_IDENTIFIER = com.cfa.WineUITests;
				PRODUCT_NAME = "$(TARGET_NAME)";
				SWIFT_EMIT_LOC_STRINGS = NO;
				SWIFT_VERSION = 5.0;
				TARGETED_DEVICE_FAMILY = "1,2";
				TEST_TARGET_NAME = Wine;
			};
			name = Debug;
		};
		7D4853E32DB2309D007DEAE9 /* Release */ = {
			isa = XCBuildConfiguration;
			buildSettings = {
				ALWAYS_EMBED_SWIFT_STANDARD_LIBRARIES = YES;
				CODE_SIGN_STYLE = Automatic;
				CURRENT_PROJECT_VERSION = 1;
				GENERATE_INFOPLIST_FILE = YES;
				MARKETING_VERSION = 1.0;
				PRODUCT_BUNDLE_IDENTIFIER = com.cfa.WineUITests;
				PRODUCT_NAME = "$(TARGET_NAME)";
				SWIFT_EMIT_LOC_STRINGS = NO;
				SWIFT_VERSION = 5.0;
				TARGETED_DEVICE_FAMILY = "1,2";
				TEST_TARGET_NAME = Wine;
			};
			name = Release;
		};
/* End XCBuildConfiguration section */

/* Begin XCConfigurationList section */
		7D4853B22DB2309B007DEAE9 /* Build configuration list for PBXProject "Wine" */ = {
			isa = XCConfigurationList;
			buildConfigurations = (
				7D4853D92DB2309D007DEAE9 /* Debug */,
				7D4853DA2DB2309D007DEAE9 /* Release */,
			);
			defaultConfigurationIsVisible = 0;
			defaultConfigurationName = Release;
		};
		7D4853DB2DB2309D007DEAE9 /* Build configuration list for PBXNativeTarget "Wine" */ = {
			isa = XCConfigurationList;
			buildConfigurations = (
				7D4853DC2DB2309D007DEAE9 /* Debug */,
				7D4853DD2DB2309D007DEAE9 /* Release */,
			);
			defaultConfigurationIsVisible = 0;
			defaultConfigurationName = Release;
		};
		7D4853DE2DB2309D007DEAE9 /* Build configuration list for PBXNativeTarget "WineTests" */ = {
			isa = XCConfigurationList;
			buildConfigurations = (
				7D4853DF2DB2309D007DEAE9 /* Debug */,
				7D4853E02DB2309D007DEAE9 /* Release */,
			);
			defaultConfigurationIsVisible = 0;
			defaultConfigurationName = Release;
		};
		7D4853E12DB2309D007DEAE9 /* Build configuration list for PBXNativeTarget "WineUITests" */ = {
			isa = XCConfigurationList;
			buildConfigurations = (
				7D4853E22DB2309D007DEAE9 /* Debug */,
				7D4853E32DB2309D007DEAE9 /* Release */,
			);
			defaultConfigurationIsVisible = 0;
			defaultConfigurationName = Release;
		};
/* End XCConfigurationList section */
	};
	rootObject = 7D4853AF2DB2309B007DEAE9 /* Project object */;
}
